<?xml version="1.0" encoding="utf-8"?>
<Project ToolsVersion="4.0" xmlns="http://schemas.microsoft.com/developer/msbuild/2003">
  <ItemGroup>
    <Filter Include="Source Files">
      <UniqueIdentifier>{4FC737F1-C7A5-4376-A066-2A32D752A2FF}</UniqueIdentifier>
      <Extensions>cpp;c;cc;cxx;def;odl;idl;hpj;bat;asm;asmx</Extensions>
    </Filter>
    <Filter Include="Resource Files">
      <UniqueIdentifier>{67DA6AB6-F800-4c08-8B7A-83BB121AAD01}</UniqueIdentifier>
      <Extensions>rc;ico;cur;bmp;dlg;rc2;rct;bin;rgs;gif;jpg;jpeg;jpe;resx;tiff;tif;png;wav;mfcribbon-ms</Extensions>
    </Filter>
    <Filter Include="Source Files\cJSON">
      <UniqueIdentifier>{9706627d-7bed-4fdf-b74e-7a33b683b799}</UniqueIdentifier>
    </Filter>
    <Filter Include="Source Files\BinPackers">
      <UniqueIdentifier>{03ac5063-6c03-4bd0-b7d0-0afbf9fd5aa2}</UniqueIdentifier>
    </Filter>
    <Filter Include="Source Files\lodepng">
      <UniqueIdentifier>{0fa696be-9cbb-4dd2-893c-4cdd05df822d}</UniqueIdentifier>
    </Filter>
    <Filter Include="Source Files\poly2tri">
      <UniqueIdentifier>{8f1839cc-de8b-4f7d-b65e-69e931868380}</UniqueIdentifier>
    </Filter>
    <Filter Include="Source Files\poly2tri\common">
      <UniqueIdentifier>{fbe15520-fbaa-4d6a-b9cd-86926869bc78}</UniqueIdentifier>
    </Filter>
    <Filter Include="Source Files\poly2tri\sweep">
      <UniqueIdentifier>{54814b67-31f5-4901-b6d5-e4a98e60b504}</UniqueIdentifier>
    </Filter>
    <Filter Include="Source Files\MarchingSquares">
      <UniqueIdentifier>{d3626e3c-076a-4edf-8f8a-ac7ae33ae9d3}</UniqueIdentifier>
    </Filter>
  </ItemGroup>
  <ItemGroup>
    <ClCompile Include="Source\CommonHeader.cpp">
      <Filter>Source Files</Filter>
    </ClCompile>
    <ClCompile Include="Source\SpriteTool.cpp">
      <Filter>Source Files</Filter>
    </ClCompile>
    <ClCompile Include="Source\cJSON\cJSON.cpp">
      <Filter>Source Files\cJSON</Filter>
    </ClCompile>
    <ClCompile Include="Source\BinPackers\MaxRectsBinPack.cpp">
      <Filter>Source Files\BinPackers</Filter>
    </ClCompile>
    <ClCompile Include="Source\lodepng\lodepng.cpp">
      <Filter>Source Files\lodepng</Filter>
    </ClCompile>
    <ClCompile Include="Source\poly2tri\common\shapes.cc">
      <Filter>Source Files\poly2tri\common</Filter>
    </ClCompile>
    <ClCompile Include="Source\poly2tri\sweep\advancing_front.cc">
      <Filter>Source Files\poly2tri\sweep</Filter>
    </ClCompile>
    <ClCompile Include="Source\poly2tri\sweep\cdt.cc">
      <Filter>Source Files\poly2tri\sweep</Filter>
    </ClCompile>
    <ClCompile Include="Source\poly2tri\sweep\sweep.cc">
      <Filter>Source Files\poly2tri\sweep</Filter>
    </ClCompile>
    <ClCompile Include="Source\poly2tri\sweep\sweep_context.cc">
      <Filter>Source Files\poly2tri\sweep</Filter>
    </ClCompile>
    <ClCompile Include="Source\BinPackers\Rect.cpp">
      <Filter>Source Files\BinPackers</Filter>
    </ClCompile>
  </ItemGroup>
  <ItemGroup>
    <ClInclude Include="Source\CommonHeader.h">
      <Filter>Source Files</Filter>
    </ClInclude>
    <ClInclude Include="Source\SpriteTool.h">
      <Filter>Source Files</Filter>
    </ClInclude>
    <ClInclude Include="Source\cJSON\cJSON.h">
      <Filter>Source Files\cJSON</Filter>
    </ClInclude>
    <ClInclude Include="Source\BinPackers\MaxRectsBinPack.h">
      <Filter>Source Files\BinPackers</Filter>
    </ClInclude>
    <ClInclude Include="Source\lodepng\lodepng.h">
      <Filter>Source Files\lodepng</Filter>
    </ClInclude>
    <ClInclude Include="Source\poly2tri\poly2tri.h">
      <Filter>Source Files\poly2tri</Filter>
    </ClInclude>
    <ClInclude Include="Source\poly2tri\common\shapes.h">
      <Filter>Source Files\poly2tri\common</Filter>
    </ClInclude>
    <ClInclude Include="Source\poly2tri\common\utils.h">
      <Filter>Source Files\poly2tri\common</Filter>
    </ClInclude>
    <ClInclude Include="Source\poly2tri\sweep\advancing_front.h">
      <Filter>Source Files\poly2tri\sweep</Filter>
    </ClInclude>
    <ClInclude Include="Source\poly2tri\sweep\cdt.h">
      <Filter>Source Files\poly2tri\sweep</Filter>
    </ClInclude>
    <ClInclude Include="Source\poly2tri\sweep\sweep.h">
      <Filter>Source Files\poly2tri\sweep</Filter>
    </ClInclude>
    <ClInclude Include="Source\poly2tri\sweep\sweep_context.h">
      <Filter>Source Files\poly2tri\sweep</Filter>
    </ClInclude>
    <ClInclude Include="Source\BinPackers\Rect.h">
      <Filter>Source Files\BinPackers</Filter>
    </ClInclude>
    <ClInclude Include="Source\MarchingSquares\MarchingSquares.h">
      <Filter>Source Files\MarchingSquares</Filter>
    </ClInclude>
  </ItemGroup>
</Project>